// !$*UTF8*$!
{
	archiveVersion = 1;
	classes = {
	};
	objectVersion = 50;
	objects = {

/* Begin PBXBuildFile section */
		D28AC2D8218A734A004CE3A4 /* AppDelegate.swift in Sources */ = {isa = PBXBuildFile; fileRef = D28AC2D7218A734A004CE3A4 /* AppDelegate.swift */; };
		D28AC2DF218A734D004CE3A4 /* Assets.xcassets in Resources */ = {isa = PBXBuildFile; fileRef = D28AC2DE218A734D004CE3A4 /* Assets.xcassets */; };
		D28AC2E2218A734D004CE3A4 /* LaunchScreen.storyboard in Resources */ = {isa = PBXBuildFile; fileRef = D28AC2E0218A734D004CE3A4 /* LaunchScreen.storyboard */; };
		D28AC2EF218A742E004CE3A4 /* DailiesVC.swift in Sources */ = {isa = PBXBuildFile; fileRef = D28AC2ED218A742E004CE3A4 /* DailiesVC.swift */; };
		D28AC2F0218A742E004CE3A4 /* DailiesVC.xib in Resources */ = {isa = PBXBuildFile; fileRef = D28AC2EE218A742E004CE3A4 /* DailiesVC.xib */; };
		D28AC2F3218A7443004CE3A4 /* ProfileVC.swift in Sources */ = {isa = PBXBuildFile; fileRef = D28AC2F1218A7443004CE3A4 /* ProfileVC.swift */; };
		D28AC2F4218A7443004CE3A4 /* ProfileVC.xib in Resources */ = {isa = PBXBuildFile; fileRef = D28AC2F2218A7443004CE3A4 /* ProfileVC.xib */; };
		D28AC2F6218B7B25004CE3A4 /* Player.swift in Sources */ = {isa = PBXBuildFile; fileRef = D28AC2F5218B7B25004CE3A4 /* Player.swift */; };
		D28AC2F8218B7BAB004CE3A4 /* Skill.swift in Sources */ = {isa = PBXBuildFile; fileRef = D28AC2F7218B7BAB004CE3A4 /* Skill.swift */; };
		D28AC2FA218B7BB3004CE3A4 /* Daily.swift in Sources */ = {isa = PBXBuildFile; fileRef = D28AC2F9218B7BB3004CE3A4 /* Daily.swift */; };
		D2981CF4218BC355000A4068 /* LevelUp.swift in Sources */ = {isa = PBXBuildFile; fileRef = D2981CF3218BC355000A4068 /* LevelUp.swift */; };
		D2981CF7218BCAA2000A4068 /* SkillsVC.swift in Sources */ = {isa = PBXBuildFile; fileRef = D2981CF5218BCAA2000A4068 /* SkillsVC.swift */; };
		D2981CF8218BCAA2000A4068 /* SkillsVC.xib in Resources */ = {isa = PBXBuildFile; fileRef = D2981CF6218BCAA2000A4068 /* SkillsVC.xib */; };
/* End PBXBuildFile section */

/* Begin PBXFileReference section */
		D28AC2D4218A734A004CE3A4 /* Dailies.app */ = {isa = PBXFileReference; explicitFileType = wrapper.application; includeInIndex = 0; path = Dailies.app; sourceTree = BUILT_PRODUCTS_DIR; };
		D28AC2D7218A734A004CE3A4 /* AppDelegate.swift */ = {isa = PBXFileReference; lastKnownFileType = sourcecode.swift; path = AppDelegate.swift; sourceTree = "<group>"; };
		D28AC2DE218A734D004CE3A4 /* Assets.xcassets */ = {isa = PBXFileReference; lastKnownFileType = folder.assetcatalog; path = Assets.xcassets; sourceTree = "<group>"; };
		D28AC2E1218A734D004CE3A4 /* Base */ = {isa = PBXFileReference; lastKnownFileType = file.storyboard; name = Base; path = Base.lproj/LaunchScreen.storyboard; sourceTree = "<group>"; };
		D28AC2E3218A734D004CE3A4 /* Info.plist */ = {isa = PBXFileReference; lastKnownFileType = text.plist.xml; path = Info.plist; sourceTree = "<group>"; };
		D28AC2ED218A742E004CE3A4 /* DailiesVC.swift */ = {isa = PBXFileReference; lastKnownFileType = sourcecode.swift; path = DailiesVC.swift; sourceTree = "<group>"; };
		D28AC2EE218A742E004CE3A4 /* DailiesVC.xib */ = {isa = PBXFileReference; lastKnownFileType = file.xib; path = DailiesVC.xib; sourceTree = "<group>"; };
		D28AC2F1218A7443004CE3A4 /* ProfileVC.swift */ = {isa = PBXFileReference; lastKnownFileType = sourcecode.swift; path = ProfileVC.swift; sourceTree = "<group>"; };
		D28AC2F2218A7443004CE3A4 /* ProfileVC.xib */ = {isa = PBXFileReference; lastKnownFileType = file.xib; path = ProfileVC.xib; sourceTree = "<group>"; };
		D28AC2F5218B7B25004CE3A4 /* Player.swift */ = {isa = PBXFileReference; lastKnownFileType = sourcecode.swift; path = Player.swift; sourceTree = "<group>"; };
		D28AC2F7218B7BAB004CE3A4 /* Skill.swift */ = {isa = PBXFileReference; lastKnownFileType = sourcecode.swift; path = Skill.swift; sourceTree = "<group>"; };
		D28AC2F9218B7BB3004CE3A4 /* Daily.swift */ = {isa = PBXFileReference; lastKnownFileType = sourcecode.swift; path = Daily.swift; sourceTree = "<group>"; };
		D2981CF3218BC355000A4068 /* LevelUp.swift */ = {isa = PBXFileReference; lastKnownFileType = sourcecode.swift; path = LevelUp.swift; sourceTree = "<group>"; };
		D2981CF5218BCAA2000A4068 /* SkillsVC.swift */ = {isa = PBXFileReference; lastKnownFileType = sourcecode.swift; path = SkillsVC.swift; sourceTree = "<group>"; };
		D2981CF6218BCAA2000A4068 /* SkillsVC.xib */ = {isa = PBXFileReference; lastKnownFileType = file.xib; path = SkillsVC.xib; sourceTree = "<group>"; };
/* End PBXFileReference section */

/* Begin PBXFrameworksBuildPhase section */
		D28AC2D1218A734A004CE3A4 /* Frameworks */ = {
			isa = PBXFrameworksBuildPhase;
			buildActionMask = 2147483647;
			files = (
			);
			runOnlyForDeploymentPostprocessing = 0;
		};
/* End PBXFrameworksBuildPhase section */

/* Begin PBXGroup section */
		D28AC2CB218A734A004CE3A4 = {
			isa = PBXGroup;
			children = (
				D28AC2D6218A734A004CE3A4 /* Dailies */,
				D28AC2D5218A734A004CE3A4 /* Products */,
			);
			sourceTree = "<group>";
		};
		D28AC2D5218A734A004CE3A4 /* Products */ = {
			isa = PBXGroup;
			children = (
				D28AC2D4218A734A004CE3A4 /* Dailies.app */,
			);
			name = Products;
			sourceTree = "<group>";
		};
		D28AC2D6218A734A004CE3A4 /* Dailies */ = {
			isa = PBXGroup;
			children = (
				D28AC2D7218A734A004CE3A4 /* AppDelegate.swift */,
				D28AC2EB218A73B8004CE3A4 /* Models */,
				D28AC2EA218A73B2004CE3A4 /* Views */,
				D28AC2EC218A73F8004CE3A4 /* Controllers */,
				D28AC2DE218A734D004CE3A4 /* Assets.xcassets */,
				D28AC2E0218A734D004CE3A4 /* LaunchScreen.storyboard */,
				D28AC2E3218A734D004CE3A4 /* Info.plist */,
			);
			path = Dailies;
			sourceTree = "<group>";
		};
		D28AC2EA218A73B2004CE3A4 /* Views */ = {
			isa = PBXGroup;
			children = (
			);
			path = Views;
			sourceTree = "<group>";
		};
		D28AC2EB218A73B8004CE3A4 /* Models */ = {
			isa = PBXGroup;
			children = (
				D28AC2F5218B7B25004CE3A4 /* Player.swift */,
				D28AC2F7218B7BAB004CE3A4 /* Skill.swift */,
				D28AC2F9218B7BB3004CE3A4 /* Daily.swift */,
				D2981CF3218BC355000A4068 /* LevelUp.swift */,
			);
			path = Models;
			sourceTree = "<group>";
		};
		D28AC2EC218A73F8004CE3A4 /* Controllers */ = {
			isa = PBXGroup;
			children = (
				D2981CFB218C2E4D000A4068 /* Skill */,
				D2981CFA218C2E39000A4068 /* Profile */,
				D2981CF9218C2E2F000A4068 /* Dailies */,
			);
			path = Controllers;
			sourceTree = "<group>";
		};
		D2981CF9218C2E2F000A4068 /* Dailies */ = {
			isa = PBXGroup;
			children = (
				D28AC2ED218A742E004CE3A4 /* DailiesVC.swift */,
				D28AC2EE218A742E004CE3A4 /* DailiesVC.xib */,
			);
			path = Dailies;
			sourceTree = "<group>";
		};
		D2981CFA218C2E39000A4068 /* Profile */ = {
			isa = PBXGroup;
			children = (
				D28AC2F1218A7443004CE3A4 /* ProfileVC.swift */,
				D28AC2F2218A7443004CE3A4 /* ProfileVC.xib */,
			);
			path = Profile;
			sourceTree = "<group>";
		};
		D2981CFB218C2E4D000A4068 /* Skill */ = {
			isa = PBXGroup;
			children = (
				D2981CF5218BCAA2000A4068 /* SkillsVC.swift */,
				D2981CF6218BCAA2000A4068 /* SkillsVC.xib */,
			);
			path = Skill;
			sourceTree = "<group>";
		};
/* End PBXGroup section */

/* Begin PBXNativeTarget section */
		D28AC2D3218A734A004CE3A4 /* Dailies */ = {
			isa = PBXNativeTarget;
			buildConfigurationList = D28AC2E6218A734D004CE3A4 /* Build configuration list for PBXNativeTarget "Dailies" */;
			buildPhases = (
				D28AC2D0218A734A004CE3A4 /* Sources */,
				D28AC2D1218A734A004CE3A4 /* Frameworks */,
				D28AC2D2218A734A004CE3A4 /* Resources */,
			);
			buildRules = (
			);
			dependencies = (
			);
			name = Dailies;
			productName = Dailies;
			productReference = D28AC2D4218A734A004CE3A4 /* Dailies.app */;
			productType = "com.apple.product-type.application";
		};
/* End PBXNativeTarget section */

/* Begin PBXProject section */
		D28AC2CC218A734A004CE3A4 /* Project object */ = {
			isa = PBXProject;
			attributes = {
				LastSwiftUpdateCheck = 1010;
				LastUpgradeCheck = 1010;
				ORGANIZATIONNAME = jawnyawn;
				TargetAttributes = {
					D28AC2D3218A734A004CE3A4 = {
						CreatedOnToolsVersion = 10.1;
					};
				};
			};
			buildConfigurationList = D28AC2CF218A734A004CE3A4 /* Build configuration list for PBXProject "Dailies" */;
			compatibilityVersion = "Xcode 9.3";
			developmentRegion = en;
			hasScannedForEncodings = 0;
			knownRegions = (
				en,
				Base,
			);
			mainGroup = D28AC2CB218A734A004CE3A4;
			productRefGroup = D28AC2D5218A734A004CE3A4 /* Products */;
			projectDirPath = "";
			projectRoot = "";
			targets = (
				D28AC2D3218A734A004CE3A4 /* Dailies */,
			);
		};
/* End PBXProject section */

/* Begin PBXResourcesBuildPhase section */
		D28AC2D2218A734A004CE3A4 /* Resources */ = {
			isa = PBXResourcesBuildPhase;
			buildActionMask = 2147483647;
			files = (
				D28AC2F4218A7443004CE3A4 /* ProfileVC.xib in Resources */,
				D2981CF8218BCAA2000A4068 /* SkillsVC.xib in Resources */,
				D28AC2E2218A734D004CE3A4 /* LaunchScreen.storyboard in Resources */,
				D28AC2DF218A734D004CE3A4 /* Assets.xcassets in Resources */,
				D28AC2F0218A742E004CE3A4 /* DailiesVC.xib in Resources */,
			);
			runOnlyForDeploymentPostprocessing = 0;
		};
/* End PBXResourcesBuildPhase section */

/* Begin PBXSourcesBuildPhase section */
		D28AC2D0218A734A004CE3A4 /* Sources */ = {
			isa = PBXSourcesBuildPhase;
			buildActionMask = 2147483647;
			files = (
				D28AC2F6218B7B25004CE3A4 /* Player.swift in Sources */,
				D28AC2F3218A7443004CE3A4 /* ProfileVC.swift in Sources */,
				D28AC2F8218B7BAB004CE3A4 /* Skill.swift in Sources */,
				D28AC2EF218A742E004CE3A4 /* DailiesVC.swift in Sources */,
				D2981CF7218BCAA2000A4068 /* SkillsVC.swift in Sources */,
				D2981CF4218BC355000A4068 /* LevelUp.swift in Sources */,
				D28AC2D8218A734A004CE3A4 /* AppDelegate.swift in Sources */,
				D28AC2FA218B7BB3004CE3A4 /* Daily.swift in Sources */,
			);
			runOnlyForDeploymentPostprocessing = 0;
		};
/* End PBXSourcesBuildPhase section */

/* Begin PBXVariantGroup section */
		D28AC2E0218A734D004CE3A4 /* LaunchScreen.storyboard */ = {
			isa = PBXVariantGroup;
			children = (
				D28AC2E1218A734D004CE3A4 /* Base */,
			);
			name = LaunchScreen.storyboard;
			sourceTree = "<group>";
		};
/* End PBXVariantGroup section */

/* Begin XCBuildConfiguration section */
		D28AC2E4218A734D004CE3A4 /* Debug */ = {
			isa = XCBuildConfiguration;
			buildSettings = {
				ALWAYS_SEARCH_USER_PATHS = NO;
				CLANG_ANALYZER_NONNULL = YES;
				CLANG_ANALYZER_NUMBER_OBJECT_CONVERSION = YES_AGGRESSIVE;
				CLANG_CXX_LANGUAGE_STANDARD = "gnu++14";
				CLANG_CXX_LIBRARY = "libc++";
				CLANG_ENABLE_MODULES = YES;
				CLANG_ENABLE_OBJC_ARC = YES;
				CLANG_ENABLE_OBJC_WEAK = YES;
				CLANG_WARN_BLOCK_CAPTURE_AUTORELEASING = YES;
				CLANG_WARN_BOOL_CONVERSION = YES;
				CLANG_WARN_COMMA = YES;
				CLANG_WARN_CONSTANT_CONVERSION = YES;
				CLANG_WARN_DEPRECATED_OBJC_IMPLEMENTATIONS = YES;
				CLANG_WARN_DIRECT_OBJC_ISA_USAGE = YES_ERROR;
				CLANG_WARN_DOCUMENTATION_COMMENTS = YES;
				CLANG_WARN_EMPTY_BODY = YES;
				CLANG_WARN_ENUM_CONVERSION = YES;
				CLANG_WARN_INFINITE_RECURSION = YES;
				CLANG_WARN_INT_CONVERSION = YES;
				CLANG_WARN_NON_LITERAL_NULL_CONVERSION = YES;
				CLANG_WARN_OBJC_IMPLICIT_RETAIN_SELF = YES;
				CLANG_WARN_OBJC_LITERAL_CONVERSION = YES;
				CLANG_WARN_OBJC_ROOT_CLASS = YES_ERROR;
				CLANG_WARN_RANGE_LOOP_ANALYSIS = YES;
				CLANG_WARN_STRICT_PROTOTYPES = YES;
				CLANG_WARN_SUSPICIOUS_MOVE = YES;
				CLANG_WARN_UNGUARDED_AVAILABILITY = YES_AGGRESSIVE;
				CLANG_WARN_UNREACHABLE_CODE = YES;
				CLANG_WARN__DUPLICATE_METHOD_MATCH = YES;
				CODE_SIGN_IDENTITY = "iPhone Developer";
				COPY_PHASE_STRIP = NO;
				DEBUG_INFORMATION_FORMAT = dwarf;
				ENABLE_STRICT_OBJC_MSGSEND = YES;
				ENABLE_TESTABILITY = YES;
				GCC_C_LANGUAGE_STANDARD = gnu11;
				GCC_DYNAMIC_NO_PIC = NO;
				GCC_NO_COMMON_BLOCKS = YES;
				GCC_OPTIMIZATION_LEVEL = 0;
				GCC_PREPROCESSOR_DEFINITIONS = (
					"DEBUG=1",
					"$(inherited)",
				);
				GCC_WARN_64_TO_32_BIT_CONVERSION = YES;
				GCC_WARN_ABOUT_RETURN_TYPE = YES_ERROR;
				GCC_WARN_UNDECLARED_SELECTOR = YES;
				GCC_WARN_UNINITIALIZED_AUTOS = YES_AGGRESSIVE;
				GCC_WARN_UNUSED_FUNCTION = YES;
				GCC_WARN_UNUSED_VARIABLE = YES;
				IPHONEOS_DEPLOYMENT_TARGET = 12.1;
				MTL_ENABLE_DEBUG_INFO = INCLUDE_SOURCE;
				MTL_FAST_MATH = YES;
				ONLY_ACTIVE_ARCH = YES;
				SDKROOT = iphoneos;
				SWIFT_ACTIVE_COMPILATION_CONDITIONS = DEBUG;
				SWIFT_OPTIMIZATION_LEVEL = "-Onone";
			};
			name = Debug;
		};
		D28AC2E5218A734D004CE3A4 /* Release */ = {
			isa = XCBuildConfiguration;
			buildSettings = {
				ALWAYS_SEARCH_USER_PATHS = NO;
				CLANG_ANALYZER_NONNULL = YES;
				CLANG_ANALYZER_NUMBER_OBJECT_CONVERSION = YES_AGGRESSIVE;
				CLANG_CXX_LANGUAGE_STANDARD = "gnu++14";
				CLANG_CXX_LIBRARY = "libc++";
				CLANG_ENABLE_MODULES = YES;
				CLANG_ENABLE_OBJC_ARC = YES;
				CLANG_ENABLE_OBJC_WEAK = YES;
				CLANG_WARN_BLOCK_CAPTURE_AUTORELEASING = YES;
				CLANG_WARN_BOOL_CONVERSION = YES;
				CLANG_WARN_COMMA = YES;
				CLANG_WARN_CONSTANT_CONVERSION = YES;
				CLANG_WARN_DEPRECATED_OBJC_IMPLEMENTATIONS = YES;
				CLANG_WARN_DIRECT_OBJC_ISA_USAGE = YES_ERROR;
				CLANG_WARN_DOCUMENTATION_COMMENTS = YES;
				CLANG_WARN_EMPTY_BODY = YES;
				CLANG_WARN_ENUM_CONVERSION = YES;
				CLANG_WARN_INFINITE_RECURSION = YES;
				CLANG_WARN_INT_CONVERSION = YES;
				CLANG_WARN_NON_LITERAL_NULL_CONVERSION = YES;
				CLANG_WARN_OBJC_IMPLICIT_RETAIN_SELF = YES;
				CLANG_WARN_OBJC_LITERAL_CONVERSION = YES;
				CLANG_WARN_OBJC_ROOT_CLASS = YES_ERROR;
				CLANG_WARN_RANGE_LOOP_ANALYSIS = YES;
				CLANG_WARN_STRICT_PROTOTYPES = YES;
				CLANG_WARN_SUSPICIOUS_MOVE = YES;
				CLANG_WARN_UNGUARDED_AVAILABILITY = YES_AGGRESSIVE;
				CLANG_WARN_UNREACHABLE_CODE = YES;
				CLANG_WARN__DUPLICATE_METHOD_MATCH = YES;
				CODE_SIGN_IDENTITY = "iPhone Developer";
				COPY_PHASE_STRIP = NO;
				DEBUG_INFORMATION_FORMAT = "dwarf-with-dsym";
				ENABLE_NS_ASSERTIONS = NO;
				ENABLE_STRICT_OBJC_MSGSEND = YES;
				GCC_C_LANGUAGE_STANDARD = gnu11;
				GCC_NO_COMMON_BLOCKS = YES;
				GCC_WARN_64_TO_32_BIT_CONVERSION = YES;
				GCC_WARN_ABOUT_RETURN_TYPE = YES_ERROR;
				GCC_WARN_UNDECLARED_SELECTOR = YES;
				GCC_WARN_UNINITIALIZED_AUTOS = YES_AGGRESSIVE;
				GCC_WARN_UNUSED_FUNCTION = YES;
				GCC_WARN_UNUSED_VARIABLE = YES;
				IPHONEOS_DEPLOYMENT_TARGET = 12.1;
				MTL_ENABLE_DEBUG_INFO = NO;
				MTL_FAST_MATH = YES;
				SDKROOT = iphoneos;
				SWIFT_COMPILATION_MODE = wholemodule;
				SWIFT_OPTIMIZATION_LEVEL = "-O";
				VALIDATE_PRODUCT = YES;
			};
			name = Release;
		};
		D28AC2E7218A734D004CE3A4 /* Debug */ = {
			isa = XCBuildConfiguration;
			buildSettings = {
				ASSETCATALOG_COMPILER_APPICON_NAME = AppIcon;
				CODE_SIGN_STYLE = Automatic;
				DEVELOPMENT_TEAM = DGLQEP2M6C;
				INFOPLIST_FILE = Dailies/Info.plist;
				LD_RUNPATH_SEARCH_PATHS = (
					"$(inherited)",
					"@executable_path/Frameworks",
				);
				PRODUCT_BUNDLE_IDENTIFIER = com.jawnyawn.Dailies;
				PRODUCT_NAME = "$(TARGET_NAME)";
				SWIFT_VERSION = 4.2;
				TARGETED_DEVICE_FAMILY = "1,2";
			};
			name = Debug;
		};
		D28AC2E8218A734D004CE3A4 /* Release */ = {
			isa = XCBuildConfiguration;
			buildSettings = {
				ASSETCATALOG_COMPILER_APPICON_NAME = AppIcon;
				CODE_SIGN_STYLE = Automatic;
				DEVELOPMENT_TEAM = DGLQEP2M6C;
				INFOPLIST_FILE = Dailies/Info.plist;
				LD_RUNPATH_SEARCH_PATHS = (
					"$(inherited)",
					"@executable_path/Frameworks",
				);
				PRODUCT_BUNDLE_IDENTIFIER = com.jawnyawn.Dailies;
				PRODUCT_NAME = "$(TARGET_NAME)";
				SWIFT_VERSION = 4.2;
				TARGETED_DEVICE_FAMILY = "1,2";
			};
			name = Release;
		};
/* End XCBuildConfiguration section */

/* Begin XCConfigurationList section */
		D28AC2CF218A734A004CE3A4 /* Build configuration list for PBXProject "Dailies" */ = {
			isa = XCConfigurationList;
			buildConfigurations = (
				D28AC2E4218A734D004CE3A4 /* Debug */,
				D28AC2E5218A734D004CE3A4 /* Release */,
			);
			defaultConfigurationIsVisible = 0;
			defaultConfigurationName = Release;
		};
		D28AC2E6218A734D004CE3A4 /* Build configuration list for PBXNativeTarget "Dailies" */ = {
			isa = XCConfigurationList;
			buildConfigurations = (
				D28AC2E7218A734D004CE3A4 /* Debug */,
				D28AC2E8218A734D004CE3A4 /* Release */,
			);
			defaultConfigurationIsVisible = 0;
			defaultConfigurationName = Release;
		};
/* End XCConfigurationList section */
	};
	rootObject = D28AC2CC218A734A004CE3A4 /* Project object */;
}
